
Microsoft Visual Studio Solution File, Format Version 12.00
# Visual Studio Version 16
VisualStudioVersion = 16.0.31605.320
MinimumVisualStudioVersion = 10.0.40219.1
Project("{FAE04EC0-301F-11D3-BF4B-00C04F79EFBC}") = "AddressBook_Linq", "AddressBook_Linq\AddressBook_Linq.csproj", "{B17B19C5-AC05-4F1B-89CE-D6D166A0581B}"
EndProject
Global
	GlobalSection(SolutionConfigurationPlatforms) = preSolution
		Debug|Any CPU = Debug|Any CPU
		Release|Any CPU = Release|Any CPU
	EndGlobalSection
	GlobalSection(ProjectConfigurationPlatforms) = postSolution
		{B17B19C5-AC05-4F1B-89CE-D6D166A0581B}.Debug|Any CPU.ActiveCfg = Debug|Any CPU
		{B17B19C5-AC05-4F1B-89CE-D6D166A0581B}.Debug|Any CPU.Build.0 = Debug|Any CPU
		{B17B19C5-AC05-4F1B-89CE-D6D166A0581B}.Release|Any CPU.ActiveCfg = Release|Any CPU
		{B17B19C5-AC05-4F1B-89CE-D6D166A0581B}.Release|Any CPU.Build.0 = Release|Any CPU
	EndGlobalSection
	GlobalSection(SolutionProperties) = preSolution
		HideSolutionNode = FALSE
	EndGlobalSection
	GlobalSection(ExtensibilityGlobals) = postSolution
		SolutionGuid = {CB98FF53-473E-4AF1-8679-1CA1BC4605E1}
	EndGlobalSection
EndGlobal
